
Microsoft Visual Studio Solution File, Format Version 12.00
# Visual Studio Version 17
VisualStudioVersion = 17.0.31903.59
MinimumVisualStudioVersion = 10.0.40219.1
Project("{9A19103F-16F7-4668-BE54-9A1E7A4F7556}") = "Bobbysoft.Extensions.DependencyInjection.Decoration", "src\Bobbysoft.Extensions.DependencyInjection.Decoration.csproj", "{70F5C52A-4810-4737-85E9-6D5E00FD2838}"
EndProject
Project("{9A19103F-16F7-4668-BE54-9A1E7A4F7556}") = "Bobbysoft.Extensions.DependencyInjection.Tests", "test\Bobbysoft.Extensions.DependencyInjection.Tests\Bobbysoft.Extensions.DependencyInjection.Tests.csproj", "{23EB6D58-9F08-4860-90C6-39004C0E5705}"
EndProject
Global
	GlobalSection(SolutionConfigurationPlatforms) = preSolution
		Debug|Any CPU = Debug|Any CPU
		Release|Any CPU = Release|Any CPU
	EndGlobalSection
	GlobalSection(ProjectConfigurationPlatforms) = postSolution
		{70F5C52A-4810-4737-85E9-6D5E00FD2838}.Debug|Any CPU.ActiveCfg = Debug|Any CPU
		{70F5C52A-4810-4737-85E9-6D5E00FD2838}.Debug|Any CPU.Build.0 = Debug|Any CPU
		{70F5C52A-4810-4737-85E9-6D5E00FD2838}.Release|Any CPU.ActiveCfg = Release|Any CPU
		{70F5C52A-4810-4737-85E9-6D5E00FD2838}.Release|Any CPU.Build.0 = Release|Any CPU
		{23EB6D58-9F08-4860-90C6-39004C0E5705}.Debug|Any CPU.ActiveCfg = Debug|Any CPU
		{23EB6D58-9F08-4860-90C6-39004C0E5705}.Debug|Any CPU.Build.0 = Debug|Any CPU
		{23EB6D58-9F08-4860-90C6-39004C0E5705}.Release|Any CPU.ActiveCfg = Release|Any CPU
		{23EB6D58-9F08-4860-90C6-39004C0E5705}.Release|Any CPU.Build.0 = Release|Any CPU
	EndGlobalSection
	GlobalSection(SolutionProperties) = preSolution
		HideSolutionNode = FALSE
	EndGlobalSection
	GlobalSection(ExtensibilityGlobals) = postSolution
		SolutionGuid = {2FFB16DB-2AF0-4550-B501-8D4222309294}
	EndGlobalSection
EndGlobal
